
Microsoft Visual Studio Solution File, Format Version 12.00
# Visual Studio Version 16
VisualStudioVersion = 16.0.29519.181
MinimumVisualStudioVersion = 10.0.40219.1
Project("{FAE04EC0-301F-11D3-BF4B-00C04F79EFBC}") = "SOLIDReflection", "SOLIDReflection\SOLIDReflection.csproj", "{A2CA67CE-5C2B-43FD-B0F1-40498F78ADA3}"
EndProject
Global
	GlobalSection(SolutionConfigurationPlatforms) = preSolution
		Debug|Any CPU = Debug|Any CPU
		Release|Any CPU = Release|Any CPU
	EndGlobalSection
	GlobalSection(ProjectConfigurationPlatforms) = postSolution
		{A2CA67CE-5C2B-43FD-B0F1-40498F78ADA3}.Debug|Any CPU.ActiveCfg = Debug|Any CPU
		{A2CA67CE-5C2B-43FD-B0F1-40498F78ADA3}.Debug|Any CPU.Build.0 = Debug|Any CPU
		{A2CA67CE-5C2B-43FD-B0F1-40498F78ADA3}.Release|Any CPU.ActiveCfg = Release|Any CPU
		{A2CA67CE-5C2B-43FD-B0F1-40498F78ADA3}.Release|Any CPU.Build.0 = Release|Any CPU
	EndGlobalSection
	GlobalSection(SolutionProperties) = preSolution
		HideSolutionNode = FALSE
	EndGlobalSection
	GlobalSection(ExtensibilityGlobals) = postSolution
		SolutionGuid = {75C9DBEF-23B0-447D-A6D4-E9930670E842}
	EndGlobalSection
EndGlobal
